
Microsoft Visual Studio Solution File, Format Version 12.00
# Visual Studio Version 17
VisualStudioVersion = 17.6.33617.297
MinimumVisualStudioVersion = 10.0.40219.1
Project("{9A19103F-16F7-4668-BE54-9A1E7A4F7556}") = "IvsCalc", "IvsCalc\IvsCalc.csproj", "{944CBE24-728C-4753-B711-BA7E3D8C967F}"
	ProjectSection(ProjectDependencies) = postProject
		{B84BA05E-DDF0-49B1-97AA-867F63840748} = {B84BA05E-DDF0-49B1-97AA-867F63840748}
	EndProjectSection
EndProject
Project("{8BC9CEB8-8B4A-11D0-8D11-00A0C91BC942}") = "IvsCalcMathLib", "IvsCalcMathLib\IvsCalcMathLib.vcxproj", "{B84BA05E-DDF0-49B1-97AA-867F63840748}"
EndProject
Global
	GlobalSection(SolutionConfigurationPlatforms) = preSolution
		Debug|x64 = Debug|x64
		Debug|x86 = Debug|x86
		Release|x64 = Release|x64
		Release|x86 = Release|x86
	EndGlobalSection
	GlobalSection(ProjectConfigurationPlatforms) = postSolution
		{944CBE24-728C-4753-B711-BA7E3D8C967F}.Debug|x64.ActiveCfg = Debug|x64
		{944CBE24-728C-4753-B711-BA7E3D8C967F}.Debug|x64.Build.0 = Debug|x64
		{944CBE24-728C-4753-B711-BA7E3D8C967F}.Debug|x64.Deploy.0 = Debug|x64
		{944CBE24-728C-4753-B711-BA7E3D8C967F}.Debug|x86.ActiveCfg = Debug|x86
		{944CBE24-728C-4753-B711-BA7E3D8C967F}.Debug|x86.Build.0 = Debug|x86
		{944CBE24-728C-4753-B711-BA7E3D8C967F}.Debug|x86.Deploy.0 = Debug|x86
		{944CBE24-728C-4753-B711-BA7E3D8C967F}.Release|x64.ActiveCfg = Release|x64
		{944CBE24-728C-4753-B711-BA7E3D8C967F}.Release|x64.Build.0 = Release|x64
		{944CBE24-728C-4753-B711-BA7E3D8C967F}.Release|x64.Deploy.0 = Release|x64
		{944CBE24-728C-4753-B711-BA7E3D8C967F}.Release|x86.ActiveCfg = Release|x86
		{944CBE24-728C-4753-B711-BA7E3D8C967F}.Release|x86.Build.0 = Release|x86
		{944CBE24-728C-4753-B711-BA7E3D8C967F}.Release|x86.Deploy.0 = Release|x86
		{B84BA05E-DDF0-49B1-97AA-867F63840748}.Debug|x64.ActiveCfg = Debug|x64
		{B84BA05E-DDF0-49B1-97AA-867F63840748}.Debug|x64.Build.0 = Debug|x64
		{B84BA05E-DDF0-49B1-97AA-867F63840748}.Debug|x86.ActiveCfg = Debug|Win32
		{B84BA05E-DDF0-49B1-97AA-867F63840748}.Debug|x86.Build.0 = Debug|Win32
		{B84BA05E-DDF0-49B1-97AA-867F63840748}.Release|x64.ActiveCfg = Release|x64
		{B84BA05E-DDF0-49B1-97AA-867F63840748}.Release|x64.Build.0 = Release|x64
		{B84BA05E-DDF0-49B1-97AA-867F63840748}.Release|x86.ActiveCfg = Release|Win32
		{B84BA05E-DDF0-49B1-97AA-867F63840748}.Release|x86.Build.0 = Release|Win32
	EndGlobalSection
	GlobalSection(SolutionProperties) = preSolution
		HideSolutionNode = FALSE
	EndGlobalSection
	GlobalSection(ExtensibilityGlobals) = postSolution
		SolutionGuid = {2F60EA57-CEDA-4F0E-B9F6-48321845A902}
	EndGlobalSection
EndGlobal
